{
  "version": 4,
  "terraform_version": "1.1.7",
  "serial": 178,
  "lineage": "75d54f6c-d4a2-61e2-a163-5ecf3548b951",
  "outputs": {},
  "resources": [
    {
      "mode": "managed",
      "type": "aws_instance",
      "name": "Jenkins",
      "provider": "provider[\"registry.terraform.io/hashicorp/aws\"]",
      "instances": [
        {
          "schema_version": 1,
          "attributes": {
            "ami": "ami-0f597975071f4c4ec",
            "arn": "arn:aws:ec2:us-east-2:696353080466:instance/i-0ba6a042881800b61",
            "associate_public_ip_address": true,
            "availability_zone": "us-east-2c",
            "capacity_reservation_specification": [
              {
                "capacity_reservation_preference": "open",
                "capacity_reservation_target": []
              }
            ],
            "cpu_core_count": 1,
            "cpu_threads_per_core": 1,
            "credit_specification": [
              {
                "cpu_credits": "standard"
              }
            ],
            "disable_api_termination": false,
            "ebs_block_device": [],
            "ebs_optimized": false,
            "enclave_options": [
              {
                "enabled": false
              }
            ],
            "ephemeral_block_device": [],
            "get_password_data": false,
            "hibernation": false,
            "host_id": null,
            "iam_instance_profile": "",
            "id": "i-0ba6a042881800b61",
            "instance_initiated_shutdown_behavior": "stop",
            "instance_state": "running",
            "instance_type": "t2.micro",
            "ipv6_address_count": 0,
            "ipv6_addresses": [],
            "key_name": "Jenkins",
            "launch_template": [],
            "metadata_options": [
              {
                "http_endpoint": "enabled",
                "http_put_response_hop_limit": 1,
                "http_tokens": "optional",
                "instance_metadata_tags": "disabled"
              }
            ],
            "monitoring": false,
            "network_interface": [],
            "outpost_arn": "",
            "password_data": "",
            "placement_group": "",
            "placement_partition_number": null,
            "primary_network_interface_id": "eni-0bb8acab08ecf5da7",
            "private_dns": "ip-172-31-42-138.us-east-2.compute.internal",
            "private_ip": "172.31.42.138",
            "public_dns": "ec2-3-144-197-16.us-east-2.compute.amazonaws.com",
            "public_ip": "3.144.197.16",
            "root_block_device": [
              {
                "delete_on_termination": true,
                "device_name": "/dev/sda1",
                "encrypted": false,
                "iops": 100,
                "kms_key_id": "",
                "tags": {},
                "throughput": 0,
                "volume_id": "vol-0b7d12df4a35b1eaa",
                "volume_size": 8,
                "volume_type": "gp2"
              }
            ],
            "secondary_private_ips": [],
            "security_groups": [
              "default"
            ],
            "source_dest_check": true,
            "subnet_id": "subnet-6217a72e",
            "tags": {
              "Name": "Jenkins"
            },
            "tags_all": {
              "Name": "Jenkins"
            },
            "tenancy": "default",
            "timeouts": null,
            "user_data": "e0d5a5c3601f67a1b1c29ea454696f38a0fff56f",
            "user_data_base64": null,
            "user_data_replace_on_change": false,
            "volume_tags": null,
            "vpc_security_group_ids": [
              "sg-f6dfba95"
            ]
          },
          "sensitive_attributes": [],
          "private": "eyJlMmJmYjczMC1lY2FhLTExZTYtOGY4OC0zNDM2M2JjN2M0YzAiOnsiY3JlYXRlIjo2MDAwMDAwMDAwMDAsImRlbGV0ZSI6MTIwMDAwMDAwMDAwMCwidXBkYXRlIjo2MDAwMDAwMDAwMDB9LCJzY2hlbWFfdmVyc2lvbiI6IjEifQ=="
        }
      ]
    },
    {
      "mode": "managed",
      "type": "aws_internet_gateway",
      "name": "gw",
      "provider": "provider[\"registry.terraform.io/hashicorp/aws\"]",
      "instances": [
        {
          "schema_version": 0,
          "attributes": {
            "arn": "arn:aws:ec2:us-east-2:696353080466:internet-gateway/igw-0e19651db9fec2367",
            "id": "igw-0e19651db9fec2367",
            "owner_id": "696353080466",
            "tags": {
              "Name": "Gateway Main"
            },
            "tags_all": {
              "Name": "Gateway Main"
            },
            "vpc_id": "vpc-0d773c1bfca0d668e"
          },
          "sensitive_attributes": [],
          "private": "bnVsbA==",
          "dependencies": [
            "aws_vpc.main1"
          ]
        }
      ]
    },
    {
      "mode": "managed",
      "type": "aws_key_pair",
      "name": "deployer",
      "provider": "provider[\"registry.terraform.io/hashicorp/aws\"]",
      "instances": [
        {
          "schema_version": 1,
          "attributes": {
            "arn": "arn:aws:ec2:us-east-2:696353080466:key-pair/ndf-key",
            "fingerprint": "e7:af:e7:29:41:00:f7:1c:7c:a9:2e:3e:9d:9e:ac:e5",
            "id": "ndf-key",
            "key_name": "ndf-key",
            "key_name_prefix": "",
            "key_pair_id": "key-008ccc19495649bd9",
            "public_key": "ssh-rsa AAAAB3NzaC1yc2EAAAADAQABAAABgQDVTxjqXeBGgP2FcjuAX3DLp/xiBuUjEexrugTPFkbTCuB0dcmSzjF5TL5K/E8fzqDp7j4pG1FTymV0jFJOLaHLhbml38I0QHT2bgNgWTmwQfNs9/MNhZsODc5Jo2q76L1XSMhFyka06tcO3+LYvWpddZsGHni9DVYs30l+PmG74Jbf5tXXThWkNTN0c0OPpts5BPI6NuufEISeWn6xNlXsVXuGdoiABurc1B65f/5HNtHwrplBVpB9k0cvEWq+oDkCJYNdIu5hMQr0lqNxl2xItx0nU4FMuMlXZCABniAbUoO2g73FelMqYrvccN99aqEeBGF70pPllqnHNBpJztkqTBQ4/GHkfIOIA7FKAcQZAwEJ6QD0MPpNQwJk4YEvci5j3jQvFkfZLcz0GeTkw8vsKnoGV7pn63Scc3xoJJYlR3U7bKG8JAy5VarB6MEdfm67CfAKxYMzCQJHD/L+Vya3dneLdDgdt1kWsRAKUoK+lUSfWTmZFBP5VXYf8npyIaE= ndf@DESKTOP-GA9KPA4",
            "tags": {
              "Name": "ndf_key"
            },
            "tags_all": {
              "Name": "ndf_key"
            }
          },
          "sensitive_attributes": [],
          "private": "eyJzY2hlbWFfdmVyc2lvbiI6IjEifQ=="
        }
      ]
    },
    {
      "mode": "managed",
      "type": "aws_key_pair",
      "name": "key-class1",
      "provider": "provider[\"registry.terraform.io/hashicorp/aws\"]",
      "instances": [
        {
          "schema_version": 1,
          "attributes": {
            "arn": "arn:aws:ec2:us-east-2:696353080466:key-pair/class1_key",
            "fingerprint": "bb:28:bc:88:65:0e:fa:e7:3b:db:e4:3a:ca:26:96:ba",
            "id": "class1_key",
            "key_name": "class1_key",
            "key_name_prefix": "",
            "key_pair_id": "key-0c6d45028f914f32a",
            "public_key": "ssh-rsa AAAAB3NzaC1yc2EAAAADAQABAAACAQC3eUQx4CVjsEhiwqWPMLkGYwdcxDNB49wQHtOxEGVoF4MrZGJ25NQ77TKuiSg/b9GfggsA195Sq1184FkorKgnO+iSmt0iJHZLU03wKAL8qeIwMFyRdeJIgnbzexGTvG4MY9bWF2NlXe29olKeFkqo04pg2bd/L0srQR2r9XBvF1eIqjIVOB5r1Dt+FCwjXdDPH1McBPwk5gvydY78UmWIvsc9B6u4P998Aq8Vx4oEMeEo2Nb+dW8TnNirQvSf/YR/MHW4jYG3NSVPnOZLt9kNNtvoALfTWUuGzuIFalnDPqXZ8WjWUmffmRbLCDsEsmoFjC7OoOhKAxWKA27IrT0CQh0uJN+JfqbPe8W0FB3m8PfZIifsszyiPPbAkRH9z/O/73v8EA+Y+WfTL0qWdettuTmyj7n0UL0dD4E8KPadeWb+W8p3O4hJJDMlAFhhVr3/u2ONypVIiEJ7SQhT25O3ZJD/kCpRVPUSuN8AtdWTllL5s6WwiKTcjUBjYbGv0ocDnTpIqoaAgzQxrM1RlD1LVjBm2QQBk2XrwvR2PMCcWMZ0lRAO+L/8/A9VyJ9CoxUeNWImPD19IH+h+5BR8kQw3ta8E7PazGToAd6H+8QiU7helkaNj4vO/bA+8VxYwJRmYRvdzmehfLJEQRx25kEnjOdHmOVCu5BFINgfsjH/UQ==",
            "tags": {
              "Name": "key-class1"
            },
            "tags_all": {
              "Name": "key-class1"
            }
          },
          "sensitive_attributes": [],
          "private": "eyJzY2hlbWFfdmVyc2lvbiI6IjEifQ=="
        }
      ]
    },
    {
      "mode": "managed",
      "type": "aws_key_pair",
      "name": "key-class2",
      "provider": "provider[\"registry.terraform.io/hashicorp/aws\"]",
      "instances": [
        {
          "schema_version": 1,
          "attributes": {
            "arn": "arn:aws:ec2:us-east-2:696353080466:key-pair/class2_key",
            "fingerprint": "bb:28:bc:88:65:0e:fa:e7:3b:db:e4:3a:ca:26:96:ba",
            "id": "class2_key",
            "key_name": "class2_key",
            "key_name_prefix": "",
            "key_pair_id": "key-03f4aeb3972581423",
            "public_key": "ssh-rsa AAAAB3NzaC1yc2EAAAADAQABAAACAQC3eUQx4CVjsEhiwqWPMLkGYwdcxDNB49wQHtOxEGVoF4MrZGJ25NQ77TKuiSg/b9GfggsA195Sq1184FkorKgnO+iSmt0iJHZLU03wKAL8qeIwMFyRdeJIgnbzexGTvG4MY9bWF2NlXe29olKeFkqo04pg2bd/L0srQR2r9XBvF1eIqjIVOB5r1Dt+FCwjXdDPH1McBPwk5gvydY78UmWIvsc9B6u4P998Aq8Vx4oEMeEo2Nb+dW8TnNirQvSf/YR/MHW4jYG3NSVPnOZLt9kNNtvoALfTWUuGzuIFalnDPqXZ8WjWUmffmRbLCDsEsmoFjC7OoOhKAxWKA27IrT0CQh0uJN+JfqbPe8W0FB3m8PfZIifsszyiPPbAkRH9z/O/73v8EA+Y+WfTL0qWdettuTmyj7n0UL0dD4E8KPadeWb+W8p3O4hJJDMlAFhhVr3/u2ONypVIiEJ7SQhT25O3ZJD/kCpRVPUSuN8AtdWTllL5s6WwiKTcjUBjYbGv0ocDnTpIqoaAgzQxrM1RlD1LVjBm2QQBk2XrwvR2PMCcWMZ0lRAO+L/8/A9VyJ9CoxUeNWImPD19IH+h+5BR8kQw3ta8E7PazGToAd6H+8QiU7helkaNj4vO/bA+8VxYwJRmYRvdzmehfLJEQRx25kEnjOdHmOVCu5BFINgfsjH/UQ==",
            "tags": {
              "Name": "key-class2"
            },
            "tags_all": {
              "Name": "key-class2"
            }
          },
          "sensitive_attributes": [],
          "private": "eyJzY2hlbWFfdmVyc2lvbiI6IjEifQ=="
        }
      ]
    },
    {
      "mode": "managed",
      "type": "aws_key_pair",
      "name": "key-class3",
      "provider": "provider[\"registry.terraform.io/hashicorp/aws\"]",
      "instances": [
        {
          "schema_version": 1,
          "attributes": {
            "arn": "arn:aws:ec2:us-east-2:696353080466:key-pair/class3_key",
            "fingerprint": "bb:28:bc:88:65:0e:fa:e7:3b:db:e4:3a:ca:26:96:ba",
            "id": "class3_key",
            "key_name": "class3_key",
            "key_name_prefix": "",
            "key_pair_id": "key-05b38f6a8496ede8d",
            "public_key": "ssh-rsa AAAAB3NzaC1yc2EAAAADAQABAAACAQC3eUQx4CVjsEhiwqWPMLkGYwdcxDNB49wQHtOxEGVoF4MrZGJ25NQ77TKuiSg/b9GfggsA195Sq1184FkorKgnO+iSmt0iJHZLU03wKAL8qeIwMFyRdeJIgnbzexGTvG4MY9bWF2NlXe29olKeFkqo04pg2bd/L0srQR2r9XBvF1eIqjIVOB5r1Dt+FCwjXdDPH1McBPwk5gvydY78UmWIvsc9B6u4P998Aq8Vx4oEMeEo2Nb+dW8TnNirQvSf/YR/MHW4jYG3NSVPnOZLt9kNNtvoALfTWUuGzuIFalnDPqXZ8WjWUmffmRbLCDsEsmoFjC7OoOhKAxWKA27IrT0CQh0uJN+JfqbPe8W0FB3m8PfZIifsszyiPPbAkRH9z/O/73v8EA+Y+WfTL0qWdettuTmyj7n0UL0dD4E8KPadeWb+W8p3O4hJJDMlAFhhVr3/u2ONypVIiEJ7SQhT25O3ZJD/kCpRVPUSuN8AtdWTllL5s6WwiKTcjUBjYbGv0ocDnTpIqoaAgzQxrM1RlD1LVjBm2QQBk2XrwvR2PMCcWMZ0lRAO+L/8/A9VyJ9CoxUeNWImPD19IH+h+5BR8kQw3ta8E7PazGToAd6H+8QiU7helkaNj4vO/bA+8VxYwJRmYRvdzmehfLJEQRx25kEnjOdHmOVCu5BFINgfsjH/UQ==",
            "tags": {
              "Name": "key-class3"
            },
            "tags_all": {
              "Name": "key-class3"
            }
          },
          "sensitive_attributes": [],
          "private": "eyJzY2hlbWFfdmVyc2lvbiI6IjEifQ=="
        }
      ]
    },
    {
      "mode": "managed",
      "type": "aws_route_table",
      "name": "r",
      "provider": "provider[\"registry.terraform.io/hashicorp/aws\"]",
      "instances": [
        {
          "schema_version": 0,
          "attributes": {
            "arn": "arn:aws:ec2:us-east-2:696353080466:route-table/rtb-0c7498790ea9c318e",
            "id": "rtb-0c7498790ea9c318e",
            "owner_id": "696353080466",
            "propagating_vgws": [],
            "route": [
              {
                "carrier_gateway_id": "",
                "cidr_block": "0.0.0.0/0",
                "destination_prefix_list_id": "",
                "egress_only_gateway_id": "",
                "gateway_id": "igw-0e19651db9fec2367",
                "instance_id": "",
                "ipv6_cidr_block": "",
                "local_gateway_id": "",
                "nat_gateway_id": "",
                "network_interface_id": "",
                "transit_gateway_id": "",
                "vpc_endpoint_id": "",
                "vpc_peering_connection_id": ""
              }
            ],
            "tags": {},
            "tags_all": {},
            "timeouts": null,
            "vpc_id": "vpc-0d773c1bfca0d668e"
          },
          "sensitive_attributes": [],
          "private": "eyJlMmJmYjczMC1lY2FhLTExZTYtOGY4OC0zNDM2M2JjN2M0YzAiOnsiY3JlYXRlIjozMDAwMDAwMDAwMDAsImRlbGV0ZSI6MzAwMDAwMDAwMDAwLCJ1cGRhdGUiOjEyMDAwMDAwMDAwMH19",
          "dependencies": [
            "aws_internet_gateway.gw",
            "aws_vpc.main1"
          ]
        }
      ]
    },
    {
      "mode": "managed",
      "type": "aws_route_table_association",
      "name": "table_subnet1",
      "provider": "provider[\"registry.terraform.io/hashicorp/aws\"]",
      "instances": [
        {
          "schema_version": 0,
          "attributes": {
            "gateway_id": "",
            "id": "rtbassoc-0b6632be52097f5f0",
            "route_table_id": "rtb-0c7498790ea9c318e",
            "subnet_id": "subnet-0960536089adeefc0"
          },
          "sensitive_attributes": [],
          "private": "bnVsbA==",
          "dependencies": [
            "aws_internet_gateway.gw",
            "aws_route_table.r",
            "aws_subnet.subnet1",
            "aws_vpc.main1"
          ]
        }
      ]
    },
    {
      "mode": "managed",
      "type": "aws_security_group",
      "name": "sg1",
      "provider": "provider[\"registry.terraform.io/hashicorp/aws\"]",
      "instances": [
        {
          "schema_version": 1,
          "attributes": {
            "arn": "arn:aws:ec2:us-east-2:696353080466:security-group/sg-05b4349d623f461de",
            "description": "Permitir ping y ssh",
            "egress": [
              {
                "cidr_blocks": [
                  "0.0.0.0/0"
                ],
                "description": "",
                "from_port": 0,
                "ipv6_cidr_blocks": [],
                "prefix_list_ids": [],
                "protocol": "-1",
                "security_groups": [],
                "self": false,
                "to_port": 0
              }
            ],
            "id": "sg-05b4349d623f461de",
            "ingress": [
              {
                "cidr_blocks": [
                  "0.0.0.0/0"
                ],
                "description": "",
                "from_port": -1,
                "ipv6_cidr_blocks": [],
                "prefix_list_ids": [],
                "protocol": "icmp",
                "security_groups": [],
                "self": false,
                "to_port": -1
              },
              {
                "cidr_blocks": [
                  "0.0.0.0/0"
                ],
                "description": "",
                "from_port": 22,
                "ipv6_cidr_blocks": [],
                "prefix_list_ids": [],
                "protocol": "tcp",
                "security_groups": [],
                "self": false,
                "to_port": 22
              }
            ],
            "name": "sg_ping_ssh",
            "name_prefix": "",
            "owner_id": "696353080466",
            "revoke_rules_on_delete": false,
            "tags": {
              "Name": "Ping y SSH "
            },
            "tags_all": {
              "Name": "Ping y SSH "
            },
            "timeouts": null,
            "vpc_id": "vpc-0d773c1bfca0d668e"
          },
          "sensitive_attributes": [],
          "private": "eyJlMmJmYjczMC1lY2FhLTExZTYtOGY4OC0zNDM2M2JjN2M0YzAiOnsiY3JlYXRlIjo2MDAwMDAwMDAwMDAsImRlbGV0ZSI6OTAwMDAwMDAwMDAwfSwic2NoZW1hX3ZlcnNpb24iOiIxIn0=",
          "dependencies": [
            "aws_vpc.main1"
          ]
        }
      ]
    },
    {
      "mode": "managed",
      "type": "aws_security_group",
      "name": "sg2",
      "provider": "provider[\"registry.terraform.io/hashicorp/aws\"]",
      "instances": [
        {
          "schema_version": 1,
          "attributes": {
            "arn": "arn:aws:ec2:us-east-2:696353080466:security-group/sg-06c280a5c0ce088e7",
            "description": "Permitir ping y ssh",
            "egress": [],
            "id": "sg-06c280a5c0ce088e7",
            "ingress": [
              {
                "cidr_blocks": [
                  "0.0.0.0/0"
                ],
                "description": "",
                "from_port": 443,
                "ipv6_cidr_blocks": [],
                "prefix_list_ids": [],
                "protocol": "tcp",
                "security_groups": [],
                "self": false,
                "to_port": 443
              },
              {
                "cidr_blocks": [
                  "0.0.0.0/0"
                ],
                "description": "",
                "from_port": 8080,
                "ipv6_cidr_blocks": [],
                "prefix_list_ids": [],
                "protocol": "tcp",
                "security_groups": [],
                "self": false,
                "to_port": 8080
              },
              {
                "cidr_blocks": [
                  "0.0.0.0/0"
                ],
                "description": "",
                "from_port": 80,
                "ipv6_cidr_blocks": [],
                "prefix_list_ids": [],
                "protocol": "tcp",
                "security_groups": [],
                "self": false,
                "to_port": 80
              }
            ],
            "name": "sg_http",
            "name_prefix": "",
            "owner_id": "696353080466",
            "revoke_rules_on_delete": false,
            "tags": {
              "Name": "HTTP y HTTPS"
            },
            "tags_all": {
              "Name": "HTTP y HTTPS"
            },
            "timeouts": null,
            "vpc_id": "vpc-0d773c1bfca0d668e"
          },
          "sensitive_attributes": [],
          "private": "eyJlMmJmYjczMC1lY2FhLTExZTYtOGY4OC0zNDM2M2JjN2M0YzAiOnsiY3JlYXRlIjo2MDAwMDAwMDAwMDAsImRlbGV0ZSI6OTAwMDAwMDAwMDAwfSwic2NoZW1hX3ZlcnNpb24iOiIxIn0=",
          "dependencies": [
            "aws_vpc.main1"
          ]
        }
      ]
    },
    {
      "mode": "managed",
      "type": "aws_subnet",
      "name": "subnet1",
      "provider": "provider[\"registry.terraform.io/hashicorp/aws\"]",
      "instances": [
        {
          "schema_version": 1,
          "attributes": {
            "arn": "arn:aws:ec2:us-east-2:696353080466:subnet/subnet-0960536089adeefc0",
            "assign_ipv6_address_on_creation": false,
            "availability_zone": "us-east-2a",
            "availability_zone_id": "use2-az1",
            "cidr_block": "10.0.10.0/24",
            "customer_owned_ipv4_pool": "",
            "enable_dns64": false,
            "enable_resource_name_dns_a_record_on_launch": false,
            "enable_resource_name_dns_aaaa_record_on_launch": false,
            "id": "subnet-0960536089adeefc0",
            "ipv6_cidr_block": "",
            "ipv6_cidr_block_association_id": "",
            "ipv6_native": false,
            "map_customer_owned_ip_on_launch": false,
            "map_public_ip_on_launch": true,
            "outpost_arn": "",
            "owner_id": "696353080466",
            "private_dns_hostname_type_on_launch": "ip-name",
            "tags": {
              "Name": "Subnet 1 - us-east-2a"
            },
            "tags_all": {
              "Name": "Subnet 1 - us-east-2a"
            },
            "timeouts": null,
            "vpc_id": "vpc-0d773c1bfca0d668e"
          },
          "sensitive_attributes": [],
          "private": "eyJlMmJmYjczMC1lY2FhLTExZTYtOGY4OC0zNDM2M2JjN2M0YzAiOnsiY3JlYXRlIjo2MDAwMDAwMDAwMDAsImRlbGV0ZSI6MTIwMDAwMDAwMDAwMH0sInNjaGVtYV92ZXJzaW9uIjoiMSJ9",
          "dependencies": [
            "aws_vpc.main1"
          ]
        }
      ]
    },
    {
      "mode": "managed",
      "type": "aws_vpc",
      "name": "main1",
      "provider": "provider[\"registry.terraform.io/hashicorp/aws\"]",
      "instances": [
        {
          "schema_version": 1,
          "attributes": {
            "arn": "arn:aws:ec2:us-east-2:696353080466:vpc/vpc-0d773c1bfca0d668e",
            "assign_generated_ipv6_cidr_block": false,
            "cidr_block": "10.0.0.0/16",
            "default_network_acl_id": "acl-057d3d800c0310fab",
            "default_route_table_id": "rtb-0d7a96e31624d7fec",
            "default_security_group_id": "sg-0bc74354d4409ff25",
            "dhcp_options_id": "dopt-564d813d",
            "enable_classiclink": false,
            "enable_classiclink_dns_support": false,
            "enable_dns_hostnames": true,
            "enable_dns_support": true,
            "id": "vpc-0d773c1bfca0d668e",
            "instance_tenancy": "default",
            "ipv4_ipam_pool_id": null,
            "ipv4_netmask_length": null,
            "ipv6_association_id": "",
            "ipv6_cidr_block": "",
            "ipv6_cidr_block_network_border_group": "",
            "ipv6_ipam_pool_id": "",
            "ipv6_netmask_length": 0,
            "main_route_table_id": "rtb-0d7a96e31624d7fec",
            "owner_id": "696353080466",
            "tags": {
              "Name": "Main VPC 1"
            },
            "tags_all": {
              "Name": "Main VPC 1"
            }
          },
          "sensitive_attributes": [],
          "private": "eyJzY2hlbWFfdmVyc2lvbiI6IjEifQ=="
        }
      ]
    }
  ]
}
